// !$*UTF8*$!
{
	archiveVersion = 1;
	classes = {
	};
	objectVersion = 56;
	objects = {

/* Begin PBXBuildFile section */
		3695B0EB2BD3EFCE009C8805 /* AppDelegate.swift in Sources */ = {isa = PBXBuildFile; fileRef = 3695B0EA2BD3EFCE009C8805 /* AppDelegate.swift */; };
		3695B0ED2BD3EFCE009C8805 /* GameScene.sks in Resources */ = {isa = PBXBuildFile; fileRef = 3695B0EC2BD3EFCE009C8805 /* GameScene.sks */; };
		3695B0EF2BD3EFCE009C8805 /* Actions.sks in Resources */ = {isa = PBXBuildFile; fileRef = 3695B0EE2BD3EFCE009C8805 /* Actions.sks */; };
		3695B0F12BD3EFCE009C8805 /* GameScene.swift in Sources */ = {isa = PBXBuildFile; fileRef = 3695B0F02BD3EFCE009C8805 /* GameScene.swift */; };
		3695B0F32BD3EFCE009C8805 /* GameViewController.swift in Sources */ = {isa = PBXBuildFile; fileRef = 3695B0F22BD3EFCE009C8805 /* GameViewController.swift */; };
		3695B0F62BD3EFCE009C8805 /* Base in Resources */ = {isa = PBXBuildFile; fileRef = 3695B0F52BD3EFCE009C8805 /* Base */; };
		3695B0F82BD3EFCF009C8805 /* Assets.xcassets in Resources */ = {isa = PBXBuildFile; fileRef = 3695B0F72BD3EFCF009C8805 /* Assets.xcassets */; };
		3695B0FB2BD3EFCF009C8805 /* Base in Resources */ = {isa = PBXBuildFile; fileRef = 3695B0FA2BD3EFCF009C8805 /* Base */; };
		3695B1052BD3EFCF009C8805 /* TrySpriteKitTests.swift in Sources */ = {isa = PBXBuildFile; fileRef = 3695B1042BD3EFCF009C8805 /* TrySpriteKitTests.swift */; };
		3695B10F2BD3EFCF009C8805 /* TrySpriteKitUITests.swift in Sources */ = {isa = PBXBuildFile; fileRef = 3695B10E2BD3EFCF009C8805 /* TrySpriteKitUITests.swift */; };
		3695B1112BD3EFCF009C8805 /* TrySpriteKitUITestsLaunchTests.swift in Sources */ = {isa = PBXBuildFile; fileRef = 3695B1102BD3EFCF009C8805 /* TrySpriteKitUITestsLaunchTests.swift */; };
/* End PBXBuildFile section */

/* Begin PBXContainerItemProxy section */
		3695B1012BD3EFCF009C8805 /* PBXContainerItemProxy */ = {
			isa = PBXContainerItemProxy;
			containerPortal = 3695B0DF2BD3EFCE009C8805 /* Project object */;
			proxyType = 1;
			remoteGlobalIDString = 3695B0E62BD3EFCE009C8805;
			remoteInfo = TrySpriteKit;
		};
		3695B10B2BD3EFCF009C8805 /* PBXContainerItemProxy */ = {
			isa = PBXContainerItemProxy;
			containerPortal = 3695B0DF2BD3EFCE009C8805 /* Project object */;
			proxyType = 1;
			remoteGlobalIDString = 3695B0E62BD3EFCE009C8805;
			remoteInfo = TrySpriteKit;
		};
/* End PBXContainerItemProxy section */

/* Begin PBXFileReference section */
		3695B0E72BD3EFCE009C8805 /* TrySpriteKit.app */ = {isa = PBXFileReference; explicitFileType = wrapper.application; includeInIndex = 0; path = TrySpriteKit.app; sourceTree = BUILT_PRODUCTS_DIR; };
		3695B0EA2BD3EFCE009C8805 /* AppDelegate.swift */ = {isa = PBXFileReference; lastKnownFileType = sourcecode.swift; path = AppDelegate.swift; sourceTree = "<group>"; };
		3695B0EC2BD3EFCE009C8805 /* GameScene.sks */ = {isa = PBXFileReference; lastKnownFileType = file.sks; path = GameScene.sks; sourceTree = "<group>"; };
		3695B0EE2BD3EFCE009C8805 /* Actions.sks */ = {isa = PBXFileReference; lastKnownFileType = file.sks; path = Actions.sks; sourceTree = "<group>"; };
		3695B0F02BD3EFCE009C8805 /* GameScene.swift */ = {isa = PBXFileReference; lastKnownFileType = sourcecode.swift; path = GameScene.swift; sourceTree = "<group>"; };
		3695B0F22BD3EFCE009C8805 /* GameViewController.swift */ = {isa = PBXFileReference; lastKnownFileType = sourcecode.swift; path = GameViewController.swift; sourceTree = "<group>"; };
		3695B0F52BD3EFCE009C8805 /* Base */ = {isa = PBXFileReference; lastKnownFileType = file.storyboard; name = Base; path = Base.lproj/Main.storyboard; sourceTree = "<group>"; };
		3695B0F72BD3EFCF009C8805 /* Assets.xcassets */ = {isa = PBXFileReference; lastKnownFileType = folder.assetcatalog; path = Assets.xcassets; sourceTree = "<group>"; };
		3695B0FA2BD3EFCF009C8805 /* Base */ = {isa = PBXFileReference; lastKnownFileType = file.storyboard; name = Base; path = Base.lproj/LaunchScreen.storyboard; sourceTree = "<group>"; };
		3695B1002BD3EFCF009C8805 /* TrySpriteKitTests.xctest */ = {isa = PBXFileReference; explicitFileType = wrapper.cfbundle; includeInIndex = 0; path = TrySpriteKitTests.xctest; sourceTree = BUILT_PRODUCTS_DIR; };
		3695B1042BD3EFCF009C8805 /* TrySpriteKitTests.swift */ = {isa = PBXFileReference; lastKnownFileType = sourcecode.swift; path = TrySpriteKitTests.swift; sourceTree = "<group>"; };
		3695B10A2BD3EFCF009C8805 /* TrySpriteKitUITests.xctest */ = {isa = PBXFileReference; explicitFileType = wrapper.cfbundle; includeInIndex = 0; path = TrySpriteKitUITests.xctest; sourceTree = BUILT_PRODUCTS_DIR; };
		3695B10E2BD3EFCF009C8805 /* TrySpriteKitUITests.swift */ = {isa = PBXFileReference; lastKnownFileType = sourcecode.swift; path = TrySpriteKitUITests.swift; sourceTree = "<group>"; };
		3695B1102BD3EFCF009C8805 /* TrySpriteKitUITestsLaunchTests.swift */ = {isa = PBXFileReference; lastKnownFileType = sourcecode.swift; path = TrySpriteKitUITestsLaunchTests.swift; sourceTree = "<group>"; };
/* End PBXFileReference section */

/* Begin PBXFrameworksBuildPhase section */
		3695B0E42BD3EFCE009C8805 /* Frameworks */ = {
			isa = PBXFrameworksBuildPhase;
			buildActionMask = 2147483647;
			files = (
			);
			runOnlyForDeploymentPostprocessing = 0;
		};
		3695B0FD2BD3EFCF009C8805 /* Frameworks */ = {
			isa = PBXFrameworksBuildPhase;
			buildActionMask = 2147483647;
			files = (
			);
			runOnlyForDeploymentPostprocessing = 0;
		};
		3695B1072BD3EFCF009C8805 /* Frameworks */ = {
			isa = PBXFrameworksBuildPhase;
			buildActionMask = 2147483647;
			files = (
			);
			runOnlyForDeploymentPostprocessing = 0;
		};
/* End PBXFrameworksBuildPhase section */

/* Begin PBXGroup section */
		3695B0DE2BD3EFCE009C8805 = {
			isa = PBXGroup;
			children = (
				3695B0E92BD3EFCE009C8805 /* TrySpriteKit */,
				3695B1032BD3EFCF009C8805 /* TrySpriteKitTests */,
				3695B10D2BD3EFCF009C8805 /* TrySpriteKitUITests */,
				3695B0E82BD3EFCE009C8805 /* Products */,
			);
			sourceTree = "<group>";
		};
		3695B0E82BD3EFCE009C8805 /* Products */ = {
			isa = PBXGroup;
			children = (
				3695B0E72BD3EFCE009C8805 /* TrySpriteKit.app */,
				3695B1002BD3EFCF009C8805 /* TrySpriteKitTests.xctest */,
				3695B10A2BD3EFCF009C8805 /* TrySpriteKitUITests.xctest */,
			);
			name = Products;
			sourceTree = "<group>";
		};
		3695B0E92BD3EFCE009C8805 /* TrySpriteKit */ = {
			isa = PBXGroup;
			children = (
				3695B0EA2BD3EFCE009C8805 /* AppDelegate.swift */,
				3695B0EC2BD3EFCE009C8805 /* GameScene.sks */,
				3695B0EE2BD3EFCE009C8805 /* Actions.sks */,
				3695B0F02BD3EFCE009C8805 /* GameScene.swift */,
				3695B0F22BD3EFCE009C8805 /* GameViewController.swift */,
				3695B0F42BD3EFCE009C8805 /* Main.storyboard */,
				3695B0F72BD3EFCF009C8805 /* Assets.xcassets */,
				3695B0F92BD3EFCF009C8805 /* LaunchScreen.storyboard */,
			);
			path = TrySpriteKit;
			sourceTree = "<group>";
		};
		3695B1032BD3EFCF009C8805 /* TrySpriteKitTests */ = {
			isa = PBXGroup;
			children = (
				3695B1042BD3EFCF009C8805 /* TrySpriteKitTests.swift */,
			);
			path = TrySpriteKitTests;
			sourceTree = "<group>";
		};
		3695B10D2BD3EFCF009C8805 /* TrySpriteKitUITests */ = {
			isa = PBXGroup;
			children = (
				3695B10E2BD3EFCF009C8805 /* TrySpriteKitUITests.swift */,
				3695B1102BD3EFCF009C8805 /* TrySpriteKitUITestsLaunchTests.swift */,
			);
			path = TrySpriteKitUITests;
			sourceTree = "<group>";
		};
/* End PBXGroup section */

/* Begin PBXNativeTarget section */
		3695B0E62BD3EFCE009C8805 /* TrySpriteKit */ = {
			isa = PBXNativeTarget;
			buildConfigurationList = 3695B1142BD3EFCF009C8805 /* Build configuration list for PBXNativeTarget "TrySpriteKit" */;
			buildPhases = (
				3695B0E32BD3EFCE009C8805 /* Sources */,
				3695B0E42BD3EFCE009C8805 /* Frameworks */,
				3695B0E52BD3EFCE009C8805 /* Resources */,
			);
			buildRules = (
			);
			dependencies = (
			);
			name = TrySpriteKit;
			productName = TrySpriteKit;
			productReference = 3695B0E72BD3EFCE009C8805 /* TrySpriteKit.app */;
			productType = "com.apple.product-type.application";
		};
		3695B0FF2BD3EFCF009C8805 /* TrySpriteKitTests */ = {
			isa = PBXNativeTarget;
			buildConfigurationList = 3695B1172BD3EFCF009C8805 /* Build configuration list for PBXNativeTarget "TrySpriteKitTests" */;
			buildPhases = (
				3695B0FC2BD3EFCF009C8805 /* Sources */,
				3695B0FD2BD3EFCF009C8805 /* Frameworks */,
				3695B0FE2BD3EFCF009C8805 /* Resources */,
			);
			buildRules = (
			);
			dependencies = (
				3695B1022BD3EFCF009C8805 /* PBXTargetDependency */,
			);
			name = TrySpriteKitTests;
			productName = TrySpriteKitTests;
			productReference = 3695B1002BD3EFCF009C8805 /* TrySpriteKitTests.xctest */;
			productType = "com.apple.product-type.bundle.unit-test";
		};
		3695B1092BD3EFCF009C8805 /* TrySpriteKitUITests */ = {
			isa = PBXNativeTarget;
			buildConfigurationList = 3695B11A2BD3EFCF009C8805 /* Build configuration list for PBXNativeTarget "TrySpriteKitUITests" */;
			buildPhases = (
				3695B1062BD3EFCF009C8805 /* Sources */,
				3695B1072BD3EFCF009C8805 /* Frameworks */,
				3695B1082BD3EFCF009C8805 /* Resources */,
			);
			buildRules = (
			);
			dependencies = (
				3695B10C2BD3EFCF009C8805 /* PBXTargetDependency */,
			);
			name = TrySpriteKitUITests;
			productName = TrySpriteKitUITests;
			productReference = 3695B10A2BD3EFCF009C8805 /* TrySpriteKitUITests.xctest */;
			productType = "com.apple.product-type.bundle.ui-testing";
		};
/* End PBXNativeTarget section */

/* Begin PBXProject section */
		3695B0DF2BD3EFCE009C8805 /* Project object */ = {
			isa = PBXProject;
			attributes = {
				BuildIndependentTargetsInParallel = 1;
				LastSwiftUpdateCheck = 1530;
				LastUpgradeCheck = 1530;
				TargetAttributes = {
					3695B0E62BD3EFCE009C8805 = {
						CreatedOnToolsVersion = 15.3;
					};
					3695B0FF2BD3EFCF009C8805 = {
						CreatedOnToolsVersion = 15.3;
						TestTargetID = 3695B0E62BD3EFCE009C8805;
					};
					3695B1092BD3EFCF009C8805 = {
						CreatedOnToolsVersion = 15.3;
						TestTargetID = 3695B0E62BD3EFCE009C8805;
					};
				};
			};
			buildConfigurationList = 3695B0E22BD3EFCE009C8805 /* Build configuration list for PBXProject "TrySpriteKit" */;
			compatibilityVersion = "Xcode 14.0";
			developmentRegion = en;
			hasScannedForEncodings = 0;
			knownRegions = (
				en,
				Base,
			);
			mainGroup = 3695B0DE2BD3EFCE009C8805;
			productRefGroup = 3695B0E82BD3EFCE009C8805 /* Products */;
			projectDirPath = "";
			projectRoot = "";
			targets = (
				3695B0E62BD3EFCE009C8805 /* TrySpriteKit */,
				3695B0FF2BD3EFCF009C8805 /* TrySpriteKitTests */,
				3695B1092BD3EFCF009C8805 /* TrySpriteKitUITests */,
			);
		};
/* End PBXProject section */

/* Begin PBXResourcesBuildPhase section */
		3695B0E52BD3EFCE009C8805 /* Resources */ = {
			isa = PBXResourcesBuildPhase;
			buildActionMask = 2147483647;
			files = (
				3695B0ED2BD3EFCE009C8805 /* GameScene.sks in Resources */,
				3695B0F62BD3EFCE009C8805 /* Base in Resources */,
				3695B0F82BD3EFCF009C8805 /* Assets.xcassets in Resources */,
				3695B0EF2BD3EFCE009C8805 /* Actions.sks in Resources */,
				3695B0FB2BD3EFCF009C8805 /* Base in Resources */,
			);
			runOnlyForDeploymentPostprocessing = 0;
		};
		3695B0FE2BD3EFCF009C8805 /* Resources */ = {
			isa = PBXResourcesBuildPhase;
			buildActionMask = 2147483647;
			files = (
			);
			runOnlyForDeploymentPostprocessing = 0;
		};
		3695B1082BD3EFCF009C8805 /* Resources */ = {
			isa = PBXResourcesBuildPhase;
			buildActionMask = 2147483647;
			files = (
			);
			runOnlyForDeploymentPostprocessing = 0;
		};
/* End PBXResourcesBuildPhase section */

/* Begin PBXSourcesBuildPhase section */
		3695B0E32BD3EFCE009C8805 /* Sources */ = {
			isa = PBXSourcesBuildPhase;
			buildActionMask = 2147483647;
			files = (
				3695B0F12BD3EFCE009C8805 /* GameScene.swift in Sources */,
				3695B0F32BD3EFCE009C8805 /* GameViewController.swift in Sources */,
				3695B0EB2BD3EFCE009C8805 /* AppDelegate.swift in Sources */,
			);
			runOnlyForDeploymentPostprocessing = 0;
		};
		3695B0FC2BD3EFCF009C8805 /* Sources */ = {
			isa = PBXSourcesBuildPhase;
			buildActionMask = 2147483647;
			files = (
				3695B1052BD3EFCF009C8805 /* TrySpriteKitTests.swift in Sources */,
			);
			runOnlyForDeploymentPostprocessing = 0;
		};
		3695B1062BD3EFCF009C8805 /* Sources */ = {
			isa = PBXSourcesBuildPhase;
			buildActionMask = 2147483647;
			files = (
				3695B1112BD3EFCF009C8805 /* TrySpriteKitUITestsLaunchTests.swift in Sources */,
				3695B10F2BD3EFCF009C8805 /* TrySpriteKitUITests.swift in Sources */,
			);
			runOnlyForDeploymentPostprocessing = 0;
		};
/* End PBXSourcesBuildPhase section */

/* Begin PBXTargetDependency section */
		3695B1022BD3EFCF009C8805 /* PBXTargetDependency */ = {
			isa = PBXTargetDependency;
			target = 3695B0E62BD3EFCE009C8805 /* TrySpriteKit */;
			targetProxy = 3695B1012BD3EFCF009C8805 /* PBXContainerItemProxy */;
		};
		3695B10C2BD3EFCF009C8805 /* PBXTargetDependency */ = {
			isa = PBXTargetDependency;
			target = 3695B0E62BD3EFCE009C8805 /* TrySpriteKit */;
			targetProxy = 3695B10B2BD3EFCF009C8805 /* PBXContainerItemProxy */;
		};
/* End PBXTargetDependency section */

/* Begin PBXVariantGroup section */
		3695B0F42BD3EFCE009C8805 /* Main.storyboard */ = {
			isa = PBXVariantGroup;
			children = (
				3695B0F52BD3EFCE009C8805 /* Base */,
			);
			name = Main.storyboard;
			sourceTree = "<group>";
		};
		3695B0F92BD3EFCF009C8805 /* LaunchScreen.storyboard */ = {
			isa = PBXVariantGroup;
			children = (
				3695B0FA2BD3EFCF009C8805 /* Base */,
			);
			name = LaunchScreen.storyboard;
			sourceTree = "<group>";
		};
/* End PBXVariantGroup section */

/* Begin XCBuildConfiguration section */
		3695B1122BD3EFCF009C8805 /* Debug */ = {
			isa = XCBuildConfiguration;
			buildSettings = {
				ALWAYS_SEARCH_USER_PATHS = NO;
				ASSETCATALOG_COMPILER_GENERATE_SWIFT_ASSET_SYMBOL_EXTENSIONS = YES;
				CLANG_ANALYZER_NONNULL = YES;
				CLANG_ANALYZER_NUMBER_OBJECT_CONVERSION = YES_AGGRESSIVE;
				CLANG_CXX_LANGUAGE_STANDARD = "gnu++20";
				CLANG_ENABLE_MODULES = YES;
				CLANG_ENABLE_OBJC_ARC = YES;
				CLANG_ENABLE_OBJC_WEAK = YES;
				CLANG_WARN_BLOCK_CAPTURE_AUTORELEASING = YES;
				CLANG_WARN_BOOL_CONVERSION = YES;
				CLANG_WARN_COMMA = YES;
				CLANG_WARN_CONSTANT_CONVERSION = YES;
				CLANG_WARN_DEPRECATED_OBJC_IMPLEMENTATIONS = YES;
				CLANG_WARN_DIRECT_OBJC_ISA_USAGE = YES_ERROR;
				CLANG_WARN_DOCUMENTATION_COMMENTS = YES;
				CLANG_WARN_EMPTY_BODY = YES;
				CLANG_WARN_ENUM_CONVERSION = YES;
				CLANG_WARN_INFINITE_RECURSION = YES;
				CLANG_WARN_INT_CONVERSION = YES;
				CLANG_WARN_NON_LITERAL_NULL_CONVERSION = YES;
				CLANG_WARN_OBJC_IMPLICIT_RETAIN_SELF = YES;
				CLANG_WARN_OBJC_LITERAL_CONVERSION = YES;
				CLANG_WARN_OBJC_ROOT_CLASS = YES_ERROR;
				CLANG_WARN_QUOTED_INCLUDE_IN_FRAMEWORK_HEADER = YES;
				CLANG_WARN_RANGE_LOOP_ANALYSIS = YES;
				CLANG_WARN_STRICT_PROTOTYPES = YES;
				CLANG_WARN_SUSPICIOUS_MOVE = YES;
				CLANG_WARN_UNGUARDED_AVAILABILITY = YES_AGGRESSIVE;
				CLANG_WARN_UNREACHABLE_CODE = YES;
				CLANG_WARN__DUPLICATE_METHOD_MATCH = YES;
				COPY_PHASE_STRIP = NO;
				DEBUG_INFORMATION_FORMAT = dwarf;
				ENABLE_STRICT_OBJC_MSGSEND = YES;
				ENABLE_TESTABILITY = YES;
				ENABLE_USER_SCRIPT_SANDBOXING = YES;
				GCC_C_LANGUAGE_STANDARD = gnu17;
				GCC_DYNAMIC_NO_PIC = NO;
				GCC_NO_COMMON_BLOCKS = YES;
				GCC_OPTIMIZATION_LEVEL = 0;
				GCC_PREPROCESSOR_DEFINITIONS = (
					"DEBUG=1",
					"$(inherited)",
				);
				GCC_WARN_64_TO_32_BIT_CONVERSION = YES;
				GCC_WARN_ABOUT_RETURN_TYPE = YES_ERROR;
				GCC_WARN_UNDECLARED_SELECTOR = YES;
				GCC_WARN_UNINITIALIZED_AUTOS = YES_AGGRESSIVE;
				GCC_WARN_UNUSED_FUNCTION = YES;
				GCC_WARN_UNUSED_VARIABLE = YES;
				IPHONEOS_DEPLOYMENT_TARGET = 17.4;
				LOCALIZATION_PREFERS_STRING_CATALOGS = YES;
				MTL_ENABLE_DEBUG_INFO = INCLUDE_SOURCE;
				MTL_FAST_MATH = YES;
				ONLY_ACTIVE_ARCH = YES;
				SDKROOT = iphoneos;
				SWIFT_ACTIVE_COMPILATION_CONDITIONS = "DEBUG $(inherited)";
				SWIFT_OPTIMIZATION_LEVEL = "-Onone";
			};
			name = Debug;
		};
		3695B1132BD3EFCF009C8805 /* Release */ = {
			isa = XCBuildConfiguration;
			buildSettings = {
				ALWAYS_SEARCH_USER_PATHS = NO;
				ASSETCATALOG_COMPILER_GENERATE_SWIFT_ASSET_SYMBOL_EXTENSIONS = YES;
				CLANG_ANALYZER_NONNULL = YES;
				CLANG_ANALYZER_NUMBER_OBJECT_CONVERSION = YES_AGGRESSIVE;
				CLANG_CXX_LANGUAGE_STANDARD = "gnu++20";
				CLANG_ENABLE_MODULES = YES;
				CLANG_ENABLE_OBJC_ARC = YES;
				CLANG_ENABLE_OBJC_WEAK = YES;
				CLANG_WARN_BLOCK_CAPTURE_AUTORELEASING = YES;
				CLANG_WARN_BOOL_CONVERSION = YES;
				CLANG_WARN_COMMA = YES;
				CLANG_WARN_CONSTANT_CONVERSION = YES;
				CLANG_WARN_DEPRECATED_OBJC_IMPLEMENTATIONS = YES;
				CLANG_WARN_DIRECT_OBJC_ISA_USAGE = YES_ERROR;
				CLANG_WARN_DOCUMENTATION_COMMENTS = YES;
				CLANG_WARN_EMPTY_BODY = YES;
				CLANG_WARN_ENUM_CONVERSION = YES;
				CLANG_WARN_INFINITE_RECURSION = YES;
				CLANG_WARN_INT_CONVERSION = YES;
				CLANG_WARN_NON_LITERAL_NULL_CONVERSION = YES;
				CLANG_WARN_OBJC_IMPLICIT_RETAIN_SELF = YES;
				CLANG_WARN_OBJC_LITERAL_CONVERSION = YES;
				CLANG_WARN_OBJC_ROOT_CLASS = YES_ERROR;
				CLANG_WARN_QUOTED_INCLUDE_IN_FRAMEWORK_HEADER = YES;
				CLANG_WARN_RANGE_LOOP_ANALYSIS = YES;
				CLANG_WARN_STRICT_PROTOTYPES = YES;
				CLANG_WARN_SUSPICIOUS_MOVE = YES;
				CLANG_WARN_UNGUARDED_AVAILABILITY = YES_AGGRESSIVE;
				CLANG_WARN_UNREACHABLE_CODE = YES;
				CLANG_WARN__DUPLICATE_METHOD_MATCH = YES;
				COPY_PHASE_STRIP = NO;
				DEBUG_INFORMATION_FORMAT = "dwarf-with-dsym";
				ENABLE_NS_ASSERTIONS = NO;
				ENABLE_STRICT_OBJC_MSGSEND = YES;
				ENABLE_USER_SCRIPT_SANDBOXING = YES;
				GCC_C_LANGUAGE_STANDARD = gnu17;
				GCC_NO_COMMON_BLOCKS = YES;
				GCC_WARN_64_TO_32_BIT_CONVERSION = YES;
				GCC_WARN_ABOUT_RETURN_TYPE = YES_ERROR;
				GCC_WARN_UNDECLARED_SELECTOR = YES;
				GCC_WARN_UNINITIALIZED_AUTOS = YES_AGGRESSIVE;
				GCC_WARN_UNUSED_FUNCTION = YES;
				GCC_WARN_UNUSED_VARIABLE = YES;
				IPHONEOS_DEPLOYMENT_TARGET = 17.4;
				LOCALIZATION_PREFERS_STRING_CATALOGS = YES;
				MTL_ENABLE_DEBUG_INFO = NO;
				MTL_FAST_MATH = YES;
				SDKROOT = iphoneos;
				SWIFT_COMPILATION_MODE = wholemodule;
				VALIDATE_PRODUCT = YES;
			};
			name = Release;
		};
		3695B1152BD3EFCF009C8805 /* Debug */ = {
			isa = XCBuildConfiguration;
			buildSettings = {
				ASSETCATALOG_COMPILER_APPICON_NAME = AppIcon;
				ASSETCATALOG_COMPILER_GLOBAL_ACCENT_COLOR_NAME = AccentColor;
				CODE_SIGN_STYLE = Automatic;
				CURRENT_PROJECT_VERSION = 1;
				DEVELOPMENT_TEAM = KB4BJUD35F;
				GENERATE_INFOPLIST_FILE = YES;
				INFOPLIST_KEY_UIApplicationSupportsIndirectInputEvents = YES;
				INFOPLIST_KEY_UILaunchStoryboardName = LaunchScreen;
				INFOPLIST_KEY_UIMainStoryboardFile = Main;
				INFOPLIST_KEY_UIStatusBarHidden = YES;
				INFOPLIST_KEY_UISupportedInterfaceOrientations_iPad = "UIInterfaceOrientationPortrait UIInterfaceOrientationPortraitUpsideDown UIInterfaceOrientationLandscapeLeft UIInterfaceOrientationLandscapeRight";
				INFOPLIST_KEY_UISupportedInterfaceOrientations_iPhone = "UIInterfaceOrientationPortrait UIInterfaceOrientationLandscapeLeft UIInterfaceOrientationLandscapeRight";
				LD_RUNPATH_SEARCH_PATHS = (
					"$(inherited)",
					"@executable_path/Frameworks",
				);
				MARKETING_VERSION = 1.0;
				PRODUCT_BUNDLE_IDENTIFIER = beanstalk.TrySpriteKit;
				PRODUCT_NAME = "$(TARGET_NAME)";
				SWIFT_EMIT_LOC_STRINGS = YES;
				SWIFT_VERSION = 5.0;
				TARGETED_DEVICE_FAMILY = "1,2";
			};
			name = Debug;
		};
		3695B1162BD3EFCF009C8805 /* Release */ = {
			isa = XCBuildConfiguration;
			buildSettings = {
				ASSETCATALOG_COMPILER_APPICON_NAME = AppIcon;
				ASSETCATALOG_COMPILER_GLOBAL_ACCENT_COLOR_NAME = AccentColor;
				CODE_SIGN_STYLE = Automatic;
				CURRENT_PROJECT_VERSION = 1;
				DEVELOPMENT_TEAM = KB4BJUD35F;
				GENERATE_INFOPLIST_FILE = YES;
				INFOPLIST_KEY_UIApplicationSupportsIndirectInputEvents = YES;
				INFOPLIST_KEY_UILaunchStoryboardName = LaunchScreen;
				INFOPLIST_KEY_UIMainStoryboardFile = Main;
				INFOPLIST_KEY_UIStatusBarHidden = YES;
				INFOPLIST_KEY_UISupportedInterfaceOrientations_iPad = "UIInterfaceOrientationPortrait UIInterfaceOrientationPortraitUpsideDown UIInterfaceOrientationLandscapeLeft UIInterfaceOrientationLandscapeRight";
				INFOPLIST_KEY_UISupportedInterfaceOrientations_iPhone = "UIInterfaceOrientationPortrait UIInterfaceOrientationLandscapeLeft UIInterfaceOrientationLandscapeRight";
				LD_RUNPATH_SEARCH_PATHS = (
					"$(inherited)",
					"@executable_path/Frameworks",
				);
				MARKETING_VERSION = 1.0;
				PRODUCT_BUNDLE_IDENTIFIER = beanstalk.TrySpriteKit;
				PRODUCT_NAME = "$(TARGET_NAME)";
				SWIFT_EMIT_LOC_STRINGS = YES;
				SWIFT_VERSION = 5.0;
				TARGETED_DEVICE_FAMILY = "1,2";
			};
			name = Release;
		};
		3695B1182BD3EFCF009C8805 /* Debug */ = {
			isa = XCBuildConfiguration;
			buildSettings = {
				ALWAYS_EMBED_SWIFT_STANDARD_LIBRARIES = YES;
				BUNDLE_LOADER = "$(TEST_HOST)";
				CODE_SIGN_STYLE = Automatic;
				CURRENT_PROJECT_VERSION = 1;
				DEVELOPMENT_TEAM = KB4BJUD35F;
				GENERATE_INFOPLIST_FILE = YES;
				IPHONEOS_DEPLOYMENT_TARGET = 17.4;
				MARKETING_VERSION = 1.0;
				PRODUCT_BUNDLE_IDENTIFIER = beanstalk.TrySpriteKitTests;
				PRODUCT_NAME = "$(TARGET_NAME)";
				SWIFT_EMIT_LOC_STRINGS = NO;
				SWIFT_VERSION = 5.0;
				TARGETED_DEVICE_FAMILY = "1,2";
				TEST_HOST = "$(BUILT_PRODUCTS_DIR)/TrySpriteKit.app/$(BUNDLE_EXECUTABLE_FOLDER_PATH)/TrySpriteKit";
			};
			name = Debug;
		};
		3695B1192BD3EFCF009C8805 /* Release */ = {
			isa = XCBuildConfiguration;
			buildSettings = {
				ALWAYS_EMBED_SWIFT_STANDARD_LIBRARIES = YES;
				BUNDLE_LOADER = "$(TEST_HOST)";
				CODE_SIGN_STYLE = Automatic;
				CURRENT_PROJECT_VERSION = 1;
				DEVELOPMENT_TEAM = KB4BJUD35F;
				GENERATE_INFOPLIST_FILE = YES;
				IPHONEOS_DEPLOYMENT_TARGET = 17.4;
				MARKETING_VERSION = 1.0;
				PRODUCT_BUNDLE_IDENTIFIER = beanstalk.TrySpriteKitTests;
				PRODUCT_NAME = "$(TARGET_NAME)";
				SWIFT_EMIT_LOC_STRINGS = NO;
				SWIFT_VERSION = 5.0;
				TARGETED_DEVICE_FAMILY = "1,2";
				TEST_HOST = "$(BUILT_PRODUCTS_DIR)/TrySpriteKit.app/$(BUNDLE_EXECUTABLE_FOLDER_PATH)/TrySpriteKit";
			};
			name = Release;
		};
		3695B11B2BD3EFCF009C8805 /* Debug */ = {
			isa = XCBuildConfiguration;
			buildSettings = {
				ALWAYS_EMBED_SWIFT_STANDARD_LIBRARIES = YES;
				CODE_SIGN_STYLE = Automatic;
				CURRENT_PROJECT_VERSION = 1;
				DEVELOPMENT_TEAM = KB4BJUD35F;
				GENERATE_INFOPLIST_FILE = YES;
				MARKETING_VERSION = 1.0;
				PRODUCT_BUNDLE_IDENTIFIER = beanstalk.TrySpriteKitUITests;
				PRODUCT_NAME = "$(TARGET_NAME)";
				SWIFT_EMIT_LOC_STRINGS = NO;
				SWIFT_VERSION = 5.0;
				TARGETED_DEVICE_FAMILY = "1,2";
				TEST_TARGET_NAME = TrySpriteKit;
			};
			name = Debug;
		};
		3695B11C2BD3EFCF009C8805 /* Release */ = {
			isa = XCBuildConfiguration;
			buildSettings = {
				ALWAYS_EMBED_SWIFT_STANDARD_LIBRARIES = YES;
				CODE_SIGN_STYLE = Automatic;
				CURRENT_PROJECT_VERSION = 1;
				DEVELOPMENT_TEAM = KB4BJUD35F;
				GENERATE_INFOPLIST_FILE = YES;
				MARKETING_VERSION = 1.0;
				PRODUCT_BUNDLE_IDENTIFIER = beanstalk.TrySpriteKitUITests;
				PRODUCT_NAME = "$(TARGET_NAME)";
				SWIFT_EMIT_LOC_STRINGS = NO;
				SWIFT_VERSION = 5.0;
				TARGETED_DEVICE_FAMILY = "1,2";
				TEST_TARGET_NAME = TrySpriteKit;
			};
			name = Release;
		};
/* End XCBuildConfiguration section */

/* Begin XCConfigurationList section */
		3695B0E22BD3EFCE009C8805 /* Build configuration list for PBXProject "TrySpriteKit" */ = {
			isa = XCConfigurationList;
			buildConfigurations = (
				3695B1122BD3EFCF009C8805 /* Debug */,
				3695B1132BD3EFCF009C8805 /* Release */,
			);
			defaultConfigurationIsVisible = 0;
			defaultConfigurationName = Release;
		};
		3695B1142BD3EFCF009C8805 /* Build configuration list for PBXNativeTarget "TrySpriteKit" */ = {
			isa = XCConfigurationList;
			buildConfigurations = (
				3695B1152BD3EFCF009C8805 /* Debug */,
				3695B1162BD3EFCF009C8805 /* Release */,
			);
			defaultConfigurationIsVisible = 0;
			defaultConfigurationName = Release;
		};
		3695B1172BD3EFCF009C8805 /* Build configuration list for PBXNativeTarget "TrySpriteKitTests" */ = {
			isa = XCConfigurationList;
			buildConfigurations = (
				3695B1182BD3EFCF009C8805 /* Debug */,
				3695B1192BD3EFCF009C8805 /* Release */,
			);
			defaultConfigurationIsVisible = 0;
			defaultConfigurationName = Release;
		};
		3695B11A2BD3EFCF009C8805 /* Build configuration list for PBXNativeTarget "TrySpriteKitUITests" */ = {
			isa = XCConfigurationList;
			buildConfigurations = (
				3695B11B2BD3EFCF009C8805 /* Debug */,
				3695B11C2BD3EFCF009C8805 /* Release */,
			);
			defaultConfigurationIsVisible = 0;
			defaultConfigurationName = Release;
		};
/* End XCConfigurationList section */
	};
	rootObject = 3695B0DF2BD3EFCE009C8805 /* Project object */;
}
